
Microsoft Visual Studio Solution File, Format Version 12.00
# Visual Studio Version 16
VisualStudioVersion = 16.0.30225.117
MinimumVisualStudioVersion = 10.0.40219.1
Project("{FAE04EC0-301F-11D3-BF4B-00C04F79EFBC}") = "PW_MVC", "PW_MVC\PW_MVC.csproj", "{E461D6AC-E235-42B4-BC6D-18BD0E456440}"
EndProject
Global
	GlobalSection(SolutionConfigurationPlatforms) = preSolution
		Debug|Any CPU = Debug|Any CPU
		Release|Any CPU = Release|Any CPU
	EndGlobalSection
	GlobalSection(ProjectConfigurationPlatforms) = postSolution
		{E461D6AC-E235-42B4-BC6D-18BD0E456440}.Debug|Any CPU.ActiveCfg = Debug|Any CPU
		{E461D6AC-E235-42B4-BC6D-18BD0E456440}.Debug|Any CPU.Build.0 = Debug|Any CPU
		{E461D6AC-E235-42B4-BC6D-18BD0E456440}.Release|Any CPU.ActiveCfg = Release|Any CPU
		{E461D6AC-E235-42B4-BC6D-18BD0E456440}.Release|Any CPU.Build.0 = Release|Any CPU
	EndGlobalSection
	GlobalSection(SolutionProperties) = preSolution
		HideSolutionNode = FALSE
	EndGlobalSection
	GlobalSection(ExtensibilityGlobals) = postSolution
		SolutionGuid = {2F187E82-65BE-418F-B6E4-A64C63F98812}
	EndGlobalSection
EndGlobal
